{
  "version": 4,
  "terraform_version": "1.2.9",
  "serial": 44,
  "lineage": "2f915684-3144-6608-ef02-0e8e47c43a93",
  "outputs": {
    "all-availability-domains-in-your-tenancy": {
      "value": [
        {
          "compartment_id": "ocid1.tenancy.oc1..aaaaaaaa6mre6si5yuhye477u3dsh2exyow2iyrm2ee3sanv2mfmuc3hh5oa",
          "id": "ocid1.availabilitydomain.oc1..aaaaaaaacko4o2fm6cie5oy2erflv6rgtxsrut5vvwtfzyfsez7weba4e5ga",
          "name": "sMvf:EU-PARIS-1-AD-1"
        }
      ],
      "type": [
        "list",
        [
          "object",
          {
            "compartment_id": "string",
            "id": "string",
            "name": "string"
          }
        ]
      ]
    },
    "compartment-OCID": {
      "value": "ocid1.compartment.oc1..aaaaaaaa6kn7gzusmompwakpsosrrpd667nu2vza5ow4z76t5z46pj5rofdq",
      "type": "string"
    },
    "compartment-name": {
      "value": "tweedeCompartement",
      "type": "string"
    },
    "id-for-for-route-table-that-includes-the-nat-gateway": {
      "value": "ocid1.routetable.oc1.eu-paris-1.aaaaaaaag5t7bq5uddygyxlhq3sng6qy47fnd6tamjmaknledalrcufuzffq",
      "type": "string"
    },
    "id-for-route-table-that-includes-the-internet-gateway": {
      "value": "ocid1.routetable.oc1.eu-paris-1.aaaaaaaam2s2n34wcrl5rsz7rp7zl57bzcgrn35j7fqznblfrsq74jsl5xpa",
      "type": "string"
    },
    "instance-OCID": {
      "value": "ocid1.instance.oc1.eu-paris-1.anrwiljrbhshxnycfojlw6k2t6rcmfl7mi67wwh4htuw4d56vwtl3xdexhzq",
      "type": "string"
    },
    "instance-OCPUs": {
      "value": 1,
      "type": "number"
    },
    "instance-memory-in-GBs": {
      "value": 15,
      "type": "number"
    },
    "instance-name": {
      "value": "EersteVm",
      "type": "string"
    },
    "instance-region": {
      "value": "eu-paris-1",
      "type": "string"
    },
    "instance-shape": {
      "value": "VM.Standard2.1",
      "type": "string"
    },
    "instance-state": {
      "value": "RUNNING",
      "type": "string"
    },
    "name-of-first-availability-domain": {
      "value": "sMvf:EU-PARIS-1-AD-1",
      "type": "string"
    },
    "nat-gateway-id": {
      "value": "ocid1.natgateway.oc1.eu-paris-1.aaaaaaaapzazu32vkyqgzb3mrtwkxbhcec4osn7von5ex3xyl3ntegtqjtza",
      "type": "string"
    },
    "private-security-list-OCID": {
      "value": "ocid1.securitylist.oc1.eu-paris-1.aaaaaaaay4xxxnet7262zozs7zsbl5zf7cnj2hdw57rsmcvxc5qtwvmtv6za",
      "type": "string"
    },
    "private-security-list-name": {
      "value": "security-list-for-private-subnet",
      "type": "string"
    },
    "private-subnet-OCID": {
      "value": "ocid1.subnet.oc1.eu-paris-1.aaaaaaaay5oukzubxhvzb73frzpv6n2mc2yj3nnmmgwzt23obky5uusqycya",
      "type": "string"
    },
    "private-subnet-name": {
      "value": "private-subnet-denycloud",
      "type": "string"
    },
    "public-ip-for-compute-instance": {
      "value": "158.178.197.6",
      "type": "string"
    },
    "public-security-list-OCID": {
      "value": "ocid1.securitylist.oc1.eu-paris-1.aaaaaaaa2rzin3vahuubx22x4up3xib2cmsv6fte3omdvk4vb6ffxdf7hira",
      "type": "string"
    },
    "public-security-list-name": {
      "value": "security-list-for-public-subnet",
      "type": "string"
    },
    "public-subnet-OCID": {
      "value": "ocid1.subnet.oc1.eu-paris-1.aaaaaaaa7zopzfu75dbk5wel7i7upmkmwbjcpwtpapwqxupdjurvystvvlvq",
      "type": "string"
    },
    "public-subnet-name": {
      "value": "public-subnet-denycloud",
      "type": "string"
    },
    "time-created": {
      "value": "2023-12-30 17:17:01.099 +0000 UTC",
      "type": "string"
    },
    "vcn_id": {
      "value": "ocid1.vcn.oc1.eu-paris-1.amaaaaaabhshxnyao5tkhhdotucz7jcaiykrltcbcy4cxc5sxifgnznj2l4q",
      "type": "string"
    }
  },
  "resources": [
    {
      "mode": "data",
      "type": "oci_identity_availability_domains",
      "name": "ads",
      "provider": "provider[\"registry.terraform.io/hashicorp/oci\"]",
      "instances": [
        {
          "schema_version": 0,
          "attributes": {
            "availability_domains": [
              {
                "compartment_id": "ocid1.tenancy.oc1..aaaaaaaa6mre6si5yuhye477u3dsh2exyow2iyrm2ee3sanv2mfmuc3hh5oa",
                "id": "ocid1.availabilitydomain.oc1..aaaaaaaacko4o2fm6cie5oy2erflv6rgtxsrut5vvwtfzyfsez7weba4e5ga",
                "name": "sMvf:EU-PARIS-1-AD-1"
              }
            ],
            "compartment_id": "ocid1.tenancy.oc1..aaaaaaaa6mre6si5yuhye477u3dsh2exyow2iyrm2ee3sanv2mfmuc3hh5oa",
            "filter": null,
            "id": "IdentityAvailabilityDomainsDataSource-3180140734"
          },
          "sensitive_attributes": []
        }
      ]
    },
    {
      "mode": "managed",
      "type": "oci_core_instance",
      "name": "ubuntu_instance",
      "provider": "provider[\"registry.terraform.io/hashicorp/oci\"]",
      "instances": [
        {
          "schema_version": 0,
          "attributes": {
            "agent_config": [
              {
                "are_all_plugins_disabled": false,
                "is_management_disabled": false,
                "is_monitoring_disabled": false,
                "plugins_config": []
              }
            ],
            "async": null,
            "availability_config": [
              {
                "is_live_migration_preferred": false,
                "recovery_action": "RESTORE_INSTANCE"
              }
            ],
            "availability_domain": "sMvf:EU-PARIS-1-AD-1",
            "boot_volume_id": "ocid1.bootvolume.oc1.eu-paris-1.abrwiljreiytpdfxutsxymi2ln2mztu3xhi4dbo5qv4obo36ypxqrxfrpewq",
            "capacity_reservation_id": null,
            "compartment_id": "ocid1.compartment.oc1..aaaaaaaa6kn7gzusmompwakpsosrrpd667nu2vza5ow4z76t5z46pj5rofdq",
            "compute_cluster_id": null,
            "create_vnic_details": [
              {
                "assign_ipv6ip": false,
                "assign_private_dns_record": false,
                "assign_public_ip": "true",
                "defined_tags": {
                  "Oracle-Tags.CreatedBy": "default/deny.shabouev@student.vives.be",
                  "Oracle-Tags.CreatedOn": "2023-12-30T17:17:00.695Z"
                },
                "display_name": "EersteVm",
                "freeform_tags": {},
                "hostname_label": "",
                "ipv6address_ipv6subnet_cidr_pair_details": [],
                "nsg_ids": [],
                "private_ip": "10.0.0.101",
                "skip_source_dest_check": false,
                "subnet_id": "ocid1.subnet.oc1.eu-paris-1.aaaaaaaa7zopzfu75dbk5wel7i7upmkmwbjcpwtpapwqxupdjurvystvvlvq",
                "vlan_id": ""
              }
            ],
            "dedicated_vm_host_id": null,
            "defined_tags": {
              "Oracle-Tags.CreatedBy": "default/deny.shabouev@student.vives.be",
              "Oracle-Tags.CreatedOn": "2023-12-30T17:17:00.585Z"
            },
            "display_name": "EersteVm",
            "extended_metadata": {},
            "fault_domain": "FAULT-DOMAIN-2",
            "freeform_tags": {},
            "hostname_label": "",
            "id": "ocid1.instance.oc1.eu-paris-1.anrwiljrbhshxnycfojlw6k2t6rcmfl7mi67wwh4htuw4d56vwtl3xdexhzq",
            "image": "ocid1.image.oc1.eu-paris-1.aaaaaaaarhah2jin62ricnfgjhorbki42fp7dqs3gczq3lac4zzpkii6qjya",
            "instance_configuration_id": null,
            "instance_options": [
              {
                "are_legacy_imds_endpoints_disabled": false
              }
            ],
            "ipxe_script": null,
            "is_cross_numa_node": false,
            "is_pv_encryption_in_transit_enabled": null,
            "launch_mode": "PARAVIRTUALIZED",
            "launch_options": [
              {
                "boot_volume_type": "PARAVIRTUALIZED",
                "firmware": "UEFI_64",
                "is_consistent_volume_naming_enabled": true,
                "is_pv_encryption_in_transit_enabled": false,
                "network_type": "PARAVIRTUALIZED",
                "remote_data_volume_type": "PARAVIRTUALIZED"
              }
            ],
            "metadata": {
              "ssh_authorized_keys": "ssh-rsa AAAAB3NzaC1yc2EAAAADAQABAAABAQCRvt9ofEOdJn02hMvlWhoaI6lznMP7Bazzs4Qk0D/hiHEMBmeUKrMOZH6lB4HBKNWyye+3NM/eXMSBeW6NpwQaQke9TgnzU1GgoqQ4FlwFw9ba1zKqBMsDg0Fi03UR/YiWSg+GJGgv7v+NxrkcU0QBZjKERjZhwck95M600ckHqGFJFrzEG3r6XBFRxjmHmrSUjVuy/U3zwkWjDaDYqK85a/65DTmlN8FUOpwocL1XPCpzTRqdPr0mlRKl8wxu8LAsGxwe5sjZ/nbUYSBJuYhoZq3l6L+iQqiWrUSNrs4mykpa0fxB67bW1NY1loQfAytKMMjURivXBakJns14xqK5 cloudkey\n"
            },
            "platform_config": [],
            "preemptible_instance_config": [],
            "preserve_boot_volume": false,
            "private_ip": "10.0.0.101",
            "public_ip": "158.178.197.6",
            "region": "eu-paris-1",
            "shape": "VM.Standard2.1",
            "shape_config": [
              {
                "baseline_ocpu_utilization": "",
                "gpu_description": "",
                "gpus": 0,
                "local_disk_description": "",
                "local_disks": 0,
                "local_disks_total_size_in_gbs": 0,
                "max_vnic_attachments": 2,
                "memory_in_gbs": 15,
                "networking_bandwidth_in_gbps": 1,
                "nvmes": 0,
                "ocpus": 1,
                "processor_description": "2.0 GHz Intel® Xeon® Platinum 8167M (Skylake)",
                "vcpus": 2
              }
            ],
            "source_details": [
              {
                "boot_volume_size_in_gbs": "47",
                "boot_volume_vpus_per_gb": "10",
                "instance_source_image_filter_details": [],
                "kms_key_id": "",
                "source_id": "ocid1.image.oc1.eu-paris-1.aaaaaaaarhah2jin62ricnfgjhorbki42fp7dqs3gczq3lac4zzpkii6qjya",
                "source_type": "image"
              }
            ],
            "state": "RUNNING",
            "subnet_id": "ocid1.subnet.oc1.eu-paris-1.aaaaaaaa7zopzfu75dbk5wel7i7upmkmwbjcpwtpapwqxupdjurvystvvlvq",
            "system_tags": {},
            "time_created": "2023-12-30 17:17:01.099 +0000 UTC",
            "time_maintenance_reboot_due": "",
            "timeouts": null,
            "update_operation_constraint": null
          },
          "sensitive_attributes": [],
          "private": "eyJlMmJmYjczMC1lY2FhLTExZTYtOGY4OC0zNDM2M2JjN2M0YzAiOnsiY3JlYXRlIjoyNzAwMDAwMDAwMDAwLCJkZWxldGUiOjQ1MDAwMDAwMDAwMDAsInVwZGF0ZSI6MjcwMDAwMDAwMDAwMH19",
          "dependencies": [
            "data.oci_identity_availability_domains.ads",
            "module.vcn.module.drg_from_vcn_module.oci_core_drg.drg",
            "module.vcn.oci_core_internet_gateway.ig",
            "module.vcn.oci_core_route_table.ig",
            "module.vcn.oci_core_vcn.vcn",
            "oci_core_security_list.public-security-list",
            "oci_core_subnet.vcn-public-subnet",
            "oci_identity_compartment.tf-compartment"
          ]
        }
      ]
    },
    {
      "mode": "managed",
      "type": "oci_core_security_list",
      "name": "private-security-list",
      "provider": "provider[\"registry.terraform.io/hashicorp/oci\"]",
      "instances": [
        {
          "schema_version": 0,
          "attributes": {
            "compartment_id": "ocid1.compartment.oc1..aaaaaaaa6kn7gzusmompwakpsosrrpd667nu2vza5ow4z76t5z46pj5rofdq",
            "defined_tags": {
              "Oracle-Tags.CreatedBy": "default/deny.shabouev@student.vives.be",
              "Oracle-Tags.CreatedOn": "2023-12-30T17:16:57.540Z"
            },
            "display_name": "security-list-for-private-subnet",
            "egress_security_rules": [
              {
                "description": "",
                "destination": "0.0.0.0/0",
                "destination_type": "CIDR_BLOCK",
                "icmp_options": [],
                "protocol": "all",
                "stateless": false,
                "tcp_options": [],
                "udp_options": []
              }
            ],
            "freeform_tags": {},
            "id": "ocid1.securitylist.oc1.eu-paris-1.aaaaaaaay4xxxnet7262zozs7zsbl5zf7cnj2hdw57rsmcvxc5qtwvmtv6za",
            "ingress_security_rules": [
              {
                "description": "",
                "icmp_options": [
                  {
                    "code": -1,
                    "type": 3
                  }
                ],
                "protocol": "1",
                "source": "10.0.0.0/16",
                "source_type": "CIDR_BLOCK",
                "stateless": false,
                "tcp_options": [],
                "udp_options": []
              },
              {
                "description": "",
                "icmp_options": [
                  {
                    "code": 4,
                    "type": 3
                  }
                ],
                "protocol": "1",
                "source": "0.0.0.0/0",
                "source_type": "CIDR_BLOCK",
                "stateless": false,
                "tcp_options": [],
                "udp_options": []
              },
              {
                "description": "",
                "icmp_options": [],
                "protocol": "6",
                "source": "10.0.0.0/16",
                "source_type": "CIDR_BLOCK",
                "stateless": false,
                "tcp_options": [
                  {
                    "max": 22,
                    "min": 22,
                    "source_port_range": []
                  }
                ],
                "udp_options": []
              }
            ],
            "state": "AVAILABLE",
            "time_created": "2023-12-30 17:16:57.567 +0000 UTC",
            "timeouts": null,
            "vcn_id": "ocid1.vcn.oc1.eu-paris-1.amaaaaaabhshxnyao5tkhhdotucz7jcaiykrltcbcy4cxc5sxifgnznj2l4q"
          },
          "sensitive_attributes": [],
          "private": "eyJlMmJmYjczMC1lY2FhLTExZTYtOGY4OC0zNDM2M2JjN2M0YzAiOnsiY3JlYXRlIjoxMjAwMDAwMDAwMDAwLCJkZWxldGUiOjEyMDAwMDAwMDAwMDAsInVwZGF0ZSI6MTIwMDAwMDAwMDAwMH19",
          "dependencies": [
            "module.vcn.oci_core_vcn.vcn",
            "oci_identity_compartment.tf-compartment"
          ]
        }
      ]
    },
    {
      "mode": "managed",
      "type": "oci_core_security_list",
      "name": "public-security-list",
      "provider": "provider[\"registry.terraform.io/hashicorp/oci\"]",
      "instances": [
        {
          "schema_version": 0,
          "attributes": {
            "compartment_id": "ocid1.compartment.oc1..aaaaaaaa6kn7gzusmompwakpsosrrpd667nu2vza5ow4z76t5z46pj5rofdq",
            "defined_tags": {
              "Oracle-Tags.CreatedBy": "default/deny.shabouev@student.vives.be",
              "Oracle-Tags.CreatedOn": "2023-12-30T17:16:57.517Z"
            },
            "display_name": "security-list-for-public-subnet",
            "egress_security_rules": [
              {
                "description": "",
                "destination": "0.0.0.0/0",
                "destination_type": "CIDR_BLOCK",
                "icmp_options": [],
                "protocol": "all",
                "stateless": false,
                "tcp_options": [],
                "udp_options": []
              }
            ],
            "freeform_tags": {},
            "id": "ocid1.securitylist.oc1.eu-paris-1.aaaaaaaa2rzin3vahuubx22x4up3xib2cmsv6fte3omdvk4vb6ffxdf7hira",
            "ingress_security_rules": [
              {
                "description": "",
                "icmp_options": [
                  {
                    "code": -1,
                    "type": 3
                  }
                ],
                "protocol": "1",
                "source": "10.0.0.0/16",
                "source_type": "CIDR_BLOCK",
                "stateless": false,
                "tcp_options": [],
                "udp_options": []
              },
              {
                "description": "",
                "icmp_options": [
                  {
                    "code": 4,
                    "type": 3
                  }
                ],
                "protocol": "1",
                "source": "0.0.0.0/0",
                "source_type": "CIDR_BLOCK",
                "stateless": false,
                "tcp_options": [],
                "udp_options": []
              },
              {
                "description": "",
                "icmp_options": [],
                "protocol": "6",
                "source": "0.0.0.0/0",
                "source_type": "CIDR_BLOCK",
                "stateless": false,
                "tcp_options": [
                  {
                    "max": 22,
                    "min": 22,
                    "source_port_range": []
                  }
                ],
                "udp_options": []
              }
            ],
            "state": "AVAILABLE",
            "time_created": "2023-12-30 17:16:57.538 +0000 UTC",
            "timeouts": null,
            "vcn_id": "ocid1.vcn.oc1.eu-paris-1.amaaaaaabhshxnyao5tkhhdotucz7jcaiykrltcbcy4cxc5sxifgnznj2l4q"
          },
          "sensitive_attributes": [],
          "private": "eyJlMmJmYjczMC1lY2FhLTExZTYtOGY4OC0zNDM2M2JjN2M0YzAiOnsiY3JlYXRlIjoxMjAwMDAwMDAwMDAwLCJkZWxldGUiOjEyMDAwMDAwMDAwMDAsInVwZGF0ZSI6MTIwMDAwMDAwMDAwMH19",
          "dependencies": [
            "module.vcn.oci_core_vcn.vcn",
            "oci_identity_compartment.tf-compartment"
          ]
        }
      ]
    },
    {
      "mode": "managed",
      "type": "oci_core_subnet",
      "name": "vcn-private-subnet",
      "provider": "provider[\"registry.terraform.io/hashicorp/oci\"]",
      "instances": [
        {
          "schema_version": 0,
          "attributes": {
            "availability_domain": null,
            "cidr_block": "10.0.1.0/24",
            "compartment_id": "ocid1.compartment.oc1..aaaaaaaa6kn7gzusmompwakpsosrrpd667nu2vza5ow4z76t5z46pj5rofdq",
            "defined_tags": {
              "Oracle-Tags.CreatedBy": "default/deny.shabouev@student.vives.be",
              "Oracle-Tags.CreatedOn": "2023-12-30T17:16:59.276Z"
            },
            "dhcp_options_id": "ocid1.dhcpoptions.oc1.eu-paris-1.aaaaaaaafiv7ti4nwd5sawjctzr3bxwfendcbx3xis2d6lsultwaeifmps3q",
            "display_name": "private-subnet-denycloud",
            "dns_label": null,
            "freeform_tags": {},
            "id": "ocid1.subnet.oc1.eu-paris-1.aaaaaaaay5oukzubxhvzb73frzpv6n2mc2yj3nnmmgwzt23obky5uusqycya",
            "ipv6cidr_block": null,
            "ipv6cidr_blocks": [],
            "ipv6virtual_router_ip": null,
            "prohibit_internet_ingress": false,
            "prohibit_public_ip_on_vnic": false,
            "route_table_id": "ocid1.routetable.oc1.eu-paris-1.aaaaaaaag5t7bq5uddygyxlhq3sng6qy47fnd6tamjmaknledalrcufuzffq",
            "security_list_ids": [
              "ocid1.securitylist.oc1.eu-paris-1.aaaaaaaay4xxxnet7262zozs7zsbl5zf7cnj2hdw57rsmcvxc5qtwvmtv6za"
            ],
            "state": "AVAILABLE",
            "subnet_domain_name": null,
            "time_created": "2023-12-30 17:16:59.315 +0000 UTC",
            "timeouts": null,
            "vcn_id": "ocid1.vcn.oc1.eu-paris-1.amaaaaaabhshxnyao5tkhhdotucz7jcaiykrltcbcy4cxc5sxifgnznj2l4q",
            "virtual_router_ip": "10.0.1.1",
            "virtual_router_mac": "00:00:17:21:45:16"
          },
          "sensitive_attributes": [],
          "private": "eyJlMmJmYjczMC1lY2FhLTExZTYtOGY4OC0zNDM2M2JjN2M0YzAiOnsiY3JlYXRlIjoxMjAwMDAwMDAwMDAwLCJkZWxldGUiOjEyMDAwMDAwMDAwMDAsInVwZGF0ZSI6MTIwMDAwMDAwMDAwMH19",
          "dependencies": [
            "module.vcn.data.oci_core_services.all_oci_services",
            "module.vcn.module.drg_from_vcn_module.oci_core_drg.drg",
            "module.vcn.oci_core_nat_gateway.nat_gateway",
            "module.vcn.oci_core_route_table.nat",
            "module.vcn.oci_core_service_gateway.service_gateway",
            "module.vcn.oci_core_vcn.vcn",
            "oci_core_security_list.private-security-list",
            "oci_identity_compartment.tf-compartment"
          ]
        }
      ]
    },
    {
      "mode": "managed",
      "type": "oci_core_subnet",
      "name": "vcn-public-subnet",
      "provider": "provider[\"registry.terraform.io/hashicorp/oci\"]",
      "instances": [
        {
          "schema_version": 0,
          "attributes": {
            "availability_domain": null,
            "cidr_block": "10.0.0.0/24",
            "compartment_id": "ocid1.compartment.oc1..aaaaaaaa6kn7gzusmompwakpsosrrpd667nu2vza5ow4z76t5z46pj5rofdq",
            "defined_tags": {
              "Oracle-Tags.CreatedBy": "default/deny.shabouev@student.vives.be",
              "Oracle-Tags.CreatedOn": "2023-12-30T17:16:58.203Z"
            },
            "dhcp_options_id": "ocid1.dhcpoptions.oc1.eu-paris-1.aaaaaaaafiv7ti4nwd5sawjctzr3bxwfendcbx3xis2d6lsultwaeifmps3q",
            "display_name": "public-subnet-denycloud",
            "dns_label": null,
            "freeform_tags": {},
            "id": "ocid1.subnet.oc1.eu-paris-1.aaaaaaaa7zopzfu75dbk5wel7i7upmkmwbjcpwtpapwqxupdjurvystvvlvq",
            "ipv6cidr_block": null,
            "ipv6cidr_blocks": [],
            "ipv6virtual_router_ip": null,
            "prohibit_internet_ingress": false,
            "prohibit_public_ip_on_vnic": false,
            "route_table_id": "ocid1.routetable.oc1.eu-paris-1.aaaaaaaam2s2n34wcrl5rsz7rp7zl57bzcgrn35j7fqznblfrsq74jsl5xpa",
            "security_list_ids": [
              "ocid1.securitylist.oc1.eu-paris-1.aaaaaaaa2rzin3vahuubx22x4up3xib2cmsv6fte3omdvk4vb6ffxdf7hira"
            ],
            "state": "AVAILABLE",
            "subnet_domain_name": null,
            "time_created": "2023-12-30 17:16:58.256 +0000 UTC",
            "timeouts": null,
            "vcn_id": "ocid1.vcn.oc1.eu-paris-1.amaaaaaabhshxnyao5tkhhdotucz7jcaiykrltcbcy4cxc5sxifgnznj2l4q",
            "virtual_router_ip": "10.0.0.1",
            "virtual_router_mac": "00:00:17:21:45:16"
          },
          "sensitive_attributes": [],
          "private": "eyJlMmJmYjczMC1lY2FhLTExZTYtOGY4OC0zNDM2M2JjN2M0YzAiOnsiY3JlYXRlIjoxMjAwMDAwMDAwMDAwLCJkZWxldGUiOjEyMDAwMDAwMDAwMDAsInVwZGF0ZSI6MTIwMDAwMDAwMDAwMH19",
          "dependencies": [
            "module.vcn.module.drg_from_vcn_module.oci_core_drg.drg",
            "module.vcn.oci_core_internet_gateway.ig",
            "module.vcn.oci_core_route_table.ig",
            "module.vcn.oci_core_vcn.vcn",
            "oci_core_security_list.public-security-list",
            "oci_identity_compartment.tf-compartment"
          ]
        }
      ]
    },
    {
      "mode": "managed",
      "type": "oci_identity_compartment",
      "name": "tf-compartment",
      "provider": "provider[\"registry.terraform.io/hashicorp/oci\"]",
      "instances": [
        {
          "schema_version": 0,
          "attributes": {
            "compartment_id": "ocid1.tenancy.oc1..aaaaaaaa6mre6si5yuhye477u3dsh2exyow2iyrm2ee3sanv2mfmuc3hh5oa",
            "defined_tags": {
              "Oracle-Tags.CreatedBy": "default/deny.shabouev@student.vives.be",
              "Oracle-Tags.CreatedOn": "2023-12-30T16:32:03.476Z"
            },
            "description": "test compartement",
            "enable_delete": null,
            "freeform_tags": {},
            "id": "ocid1.compartment.oc1..aaaaaaaa6kn7gzusmompwakpsosrrpd667nu2vza5ow4z76t5z46pj5rofdq",
            "inactive_state": null,
            "is_accessible": true,
            "name": "tweedeCompartement",
            "state": "ACTIVE",
            "time_created": "2023-12-30 16:32:03.573 +0000 UTC",
            "timeouts": null
          },
          "sensitive_attributes": [],
          "private": "eyJlMmJmYjczMC1lY2FhLTExZTYtOGY4OC0zNDM2M2JjN2M0YzAiOnsiZGVsZXRlIjo1NDAwMDAwMDAwMDAwfX0="
        }
      ]
    },
    {
      "module": "module.vcn",
      "mode": "data",
      "type": "oci_core_services",
      "name": "all_oci_services",
      "provider": "provider[\"registry.terraform.io/hashicorp/oci\"]",
      "instances": [
        {
          "index_key": 0,
          "schema_version": 0,
          "attributes": {
            "filter": [
              {
                "name": "name",
                "regex": true,
                "values": [
                  "All .* Services In Oracle Services Network"
                ]
              }
            ],
            "id": "CoreServicesDataSource-0",
            "services": [
              {
                "cidr_block": "all-cdg-services-in-oracle-services-network",
                "description": "All CDG Services In Oracle Services Network",
                "id": "ocid1.service.oc1.eu-paris-1.aaaaaaaafwyotwbtosc3eimj7ibd6vku4gefufvbradnhdv6vukydma4ainq",
                "name": "All CDG Services In Oracle Services Network"
              }
            ]
          },
          "sensitive_attributes": []
        }
      ]
    },
    {
      "module": "module.vcn",
      "mode": "managed",
      "type": "oci_core_default_security_list",
      "name": "lockdown",
      "provider": "provider[\"registry.terraform.io/hashicorp/oci\"]",
      "instances": [
        {
          "index_key": 0,
          "schema_version": 0,
          "attributes": {
            "compartment_id": "ocid1.compartment.oc1..aaaaaaaa6kn7gzusmompwakpsosrrpd667nu2vza5ow4z76t5z46pj5rofdq",
            "defined_tags": {
              "Oracle-Tags.CreatedBy": "default/deny.shabouev@student.vives.be",
              "Oracle-Tags.CreatedOn": "2023-12-30T17:16:56.946Z"
            },
            "display_name": "Default Security List for vcn-deny",
            "egress_security_rules": [],
            "freeform_tags": {
              "module": "oracle-terraform-modules/vcn/oci",
              "terraformed": "Please do not edit manually"
            },
            "id": "ocid1.securitylist.oc1.eu-paris-1.aaaaaaaaknkdg3vsfw75ffxzujuork7bhhhor7oxxomih3zm2khayn37cwca",
            "ingress_security_rules": [],
            "manage_default_resource_id": "ocid1.securitylist.oc1.eu-paris-1.aaaaaaaaknkdg3vsfw75ffxzujuork7bhhhor7oxxomih3zm2khayn37cwca",
            "state": "AVAILABLE",
            "time_created": "2023-12-30 17:16:57.019 +0000 UTC",
            "timeouts": null
          },
          "sensitive_attributes": [],
          "private": "eyJlMmJmYjczMC1lY2FhLTExZTYtOGY4OC0zNDM2M2JjN2M0YzAiOnsiY3JlYXRlIjoxMjAwMDAwMDAwMDAwLCJkZWxldGUiOjEyMDAwMDAwMDAwMDAsInVwZGF0ZSI6MTIwMDAwMDAwMDAwMH19",
          "dependencies": [
            "module.vcn.oci_core_vcn.vcn",
            "oci_identity_compartment.tf-compartment"
          ]
        }
      ]
    },
    {
      "module": "module.vcn",
      "mode": "managed",
      "type": "oci_core_internet_gateway",
      "name": "ig",
      "provider": "provider[\"registry.terraform.io/hashicorp/oci\"]",
      "instances": [
        {
          "index_key": 0,
          "schema_version": 0,
          "attributes": {
            "compartment_id": "ocid1.compartment.oc1..aaaaaaaa6kn7gzusmompwakpsosrrpd667nu2vza5ow4z76t5z46pj5rofdq",
            "defined_tags": {
              "Oracle-Tags.CreatedBy": "default/deny.shabouev@student.vives.be",
              "Oracle-Tags.CreatedOn": "2023-12-30T17:16:57.485Z"
            },
            "display_name": "internet-gateway",
            "enabled": true,
            "freeform_tags": {
              "module": "oracle-terraform-modules/vcn/oci",
              "terraformed": "Please do not edit manually"
            },
            "id": "ocid1.internetgateway.oc1.eu-paris-1.aaaaaaaawup35nk6mcmwyk3si36u6jyhvml5utu2qpbmpfvd4csz342jr6yq",
            "route_table_id": null,
            "state": "AVAILABLE",
            "time_created": "2023-12-30 17:16:57.518 +0000 UTC",
            "timeouts": null,
            "vcn_id": "ocid1.vcn.oc1.eu-paris-1.amaaaaaabhshxnyao5tkhhdotucz7jcaiykrltcbcy4cxc5sxifgnznj2l4q"
          },
          "sensitive_attributes": [],
          "private": "eyJlMmJmYjczMC1lY2FhLTExZTYtOGY4OC0zNDM2M2JjN2M0YzAiOnsiY3JlYXRlIjoxMjAwMDAwMDAwMDAwLCJkZWxldGUiOjEyMDAwMDAwMDAwMDAsInVwZGF0ZSI6MTIwMDAwMDAwMDAwMH19",
          "dependencies": [
            "module.vcn.oci_core_vcn.vcn",
            "oci_identity_compartment.tf-compartment"
          ]
        }
      ]
    },
    {
      "module": "module.vcn",
      "mode": "managed",
      "type": "oci_core_nat_gateway",
      "name": "nat_gateway",
      "provider": "provider[\"registry.terraform.io/hashicorp/oci\"]",
      "instances": [
        {
          "index_key": 0,
          "schema_version": 0,
          "attributes": {
            "block_traffic": false,
            "compartment_id": "ocid1.compartment.oc1..aaaaaaaa6kn7gzusmompwakpsosrrpd667nu2vza5ow4z76t5z46pj5rofdq",
            "defined_tags": {
              "Oracle-Tags.CreatedBy": "default/deny.shabouev@student.vives.be",
              "Oracle-Tags.CreatedOn": "2023-12-30T17:16:57.509Z"
            },
            "display_name": "nat-gateway",
            "freeform_tags": {
              "module": "oracle-terraform-modules/vcn/oci",
              "terraformed": "Please do not edit manually"
            },
            "id": "ocid1.natgateway.oc1.eu-paris-1.aaaaaaaapzazu32vkyqgzb3mrtwkxbhcec4osn7von5ex3xyl3ntegtqjtza",
            "nat_ip": "141.145.208.238",
            "public_ip_id": "ocid1.publicip.oc1.eu-paris-1.aaaaaaaaewt73xwnjuxfqlekkpfyds6m3aan5qpzrlzbsbw5pozfdejczgva",
            "route_table_id": null,
            "state": "AVAILABLE",
            "time_created": "2023-12-30 17:16:57.974 +0000 UTC",
            "timeouts": null,
            "vcn_id": "ocid1.vcn.oc1.eu-paris-1.amaaaaaabhshxnyao5tkhhdotucz7jcaiykrltcbcy4cxc5sxifgnznj2l4q"
          },
          "sensitive_attributes": [],
          "private": "eyJlMmJmYjczMC1lY2FhLTExZTYtOGY4OC0zNDM2M2JjN2M0YzAiOnsiY3JlYXRlIjoxMjAwMDAwMDAwMDAwLCJkZWxldGUiOjEyMDAwMDAwMDAwMDAsInVwZGF0ZSI6MTIwMDAwMDAwMDAwMH19",
          "dependencies": [
            "module.vcn.oci_core_vcn.vcn",
            "oci_identity_compartment.tf-compartment"
          ]
        }
      ]
    },
    {
      "module": "module.vcn",
      "mode": "managed",
      "type": "oci_core_route_table",
      "name": "ig",
      "provider": "provider[\"registry.terraform.io/hashicorp/oci\"]",
      "instances": [
        {
          "index_key": 0,
          "schema_version": 0,
          "attributes": {
            "compartment_id": "ocid1.compartment.oc1..aaaaaaaa6kn7gzusmompwakpsosrrpd667nu2vza5ow4z76t5z46pj5rofdq",
            "defined_tags": {
              "Oracle-Tags.CreatedBy": "default/deny.shabouev@student.vives.be",
              "Oracle-Tags.CreatedOn": "2023-12-30T17:16:57.875Z"
            },
            "display_name": "internet-route",
            "freeform_tags": {
              "module": "oracle-terraform-modules/vcn/oci",
              "terraformed": "Please do not edit manually"
            },
            "id": "ocid1.routetable.oc1.eu-paris-1.aaaaaaaam2s2n34wcrl5rsz7rp7zl57bzcgrn35j7fqznblfrsq74jsl5xpa",
            "route_rules": [
              {
                "cidr_block": "",
                "description": "Terraformed - Auto-generated at Internet Gateway creation: Internet Gateway as default gateway",
                "destination": "0.0.0.0/0",
                "destination_type": "CIDR_BLOCK",
                "network_entity_id": "ocid1.internetgateway.oc1.eu-paris-1.aaaaaaaawup35nk6mcmwyk3si36u6jyhvml5utu2qpbmpfvd4csz342jr6yq",
                "route_type": ""
              }
            ],
            "state": "AVAILABLE",
            "time_created": "2023-12-30 17:16:57.898 +0000 UTC",
            "timeouts": null,
            "vcn_id": "ocid1.vcn.oc1.eu-paris-1.amaaaaaabhshxnyao5tkhhdotucz7jcaiykrltcbcy4cxc5sxifgnznj2l4q"
          },
          "sensitive_attributes": [],
          "private": "eyJlMmJmYjczMC1lY2FhLTExZTYtOGY4OC0zNDM2M2JjN2M0YzAiOnsiY3JlYXRlIjoxMjAwMDAwMDAwMDAwLCJkZWxldGUiOjEyMDAwMDAwMDAwMDAsInVwZGF0ZSI6MTIwMDAwMDAwMDAwMH19",
          "dependencies": [
            "module.vcn.module.drg_from_vcn_module.oci_core_drg.drg",
            "module.vcn.oci_core_internet_gateway.ig",
            "module.vcn.oci_core_vcn.vcn",
            "oci_identity_compartment.tf-compartment"
          ]
        }
      ]
    },
    {
      "module": "module.vcn",
      "mode": "managed",
      "type": "oci_core_route_table",
      "name": "nat",
      "provider": "provider[\"registry.terraform.io/hashicorp/oci\"]",
      "instances": [
        {
          "index_key": 0,
          "schema_version": 0,
          "attributes": {
            "compartment_id": "ocid1.compartment.oc1..aaaaaaaa6kn7gzusmompwakpsosrrpd667nu2vza5ow4z76t5z46pj5rofdq",
            "defined_tags": {
              "Oracle-Tags.CreatedBy": "default/deny.shabouev@student.vives.be",
              "Oracle-Tags.CreatedOn": "2023-12-30T17:16:58.917Z"
            },
            "display_name": "nat-route",
            "freeform_tags": {
              "module": "oracle-terraform-modules/vcn/oci",
              "terraformed": "Please do not edit manually"
            },
            "id": "ocid1.routetable.oc1.eu-paris-1.aaaaaaaag5t7bq5uddygyxlhq3sng6qy47fnd6tamjmaknledalrcufuzffq",
            "route_rules": [
              {
                "cidr_block": "",
                "description": "Terraformed - Auto-generated at NAT Gateway creation: NAT Gateway as default gateway",
                "destination": "0.0.0.0/0",
                "destination_type": "CIDR_BLOCK",
                "network_entity_id": "ocid1.natgateway.oc1.eu-paris-1.aaaaaaaapzazu32vkyqgzb3mrtwkxbhcec4osn7von5ex3xyl3ntegtqjtza",
                "route_type": ""
              },
              {
                "cidr_block": "",
                "description": "Terraformed - Auto-generated at Service Gateway creation: All Services in region to Service Gateway",
                "destination": "all-cdg-services-in-oracle-services-network",
                "destination_type": "SERVICE_CIDR_BLOCK",
                "network_entity_id": "ocid1.servicegateway.oc1.eu-paris-1.aaaaaaaac6hnawq6zyddcrco4qgnar7n5xdabuuki4njcjyyyzzhskevlcgq",
                "route_type": ""
              }
            ],
            "state": "AVAILABLE",
            "time_created": "2023-12-30 17:16:58.947 +0000 UTC",
            "timeouts": null,
            "vcn_id": "ocid1.vcn.oc1.eu-paris-1.amaaaaaabhshxnyao5tkhhdotucz7jcaiykrltcbcy4cxc5sxifgnznj2l4q"
          },
          "sensitive_attributes": [],
          "private": "eyJlMmJmYjczMC1lY2FhLTExZTYtOGY4OC0zNDM2M2JjN2M0YzAiOnsiY3JlYXRlIjoxMjAwMDAwMDAwMDAwLCJkZWxldGUiOjEyMDAwMDAwMDAwMDAsInVwZGF0ZSI6MTIwMDAwMDAwMDAwMH19",
          "dependencies": [
            "module.vcn.data.oci_core_services.all_oci_services",
            "module.vcn.module.drg_from_vcn_module.oci_core_drg.drg",
            "module.vcn.oci_core_nat_gateway.nat_gateway",
            "module.vcn.oci_core_service_gateway.service_gateway",
            "module.vcn.oci_core_vcn.vcn",
            "oci_identity_compartment.tf-compartment"
          ]
        }
      ]
    },
    {
      "module": "module.vcn",
      "mode": "managed",
      "type": "oci_core_service_gateway",
      "name": "service_gateway",
      "provider": "provider[\"registry.terraform.io/hashicorp/oci\"]",
      "instances": [
        {
          "index_key": 0,
          "schema_version": 0,
          "attributes": {
            "block_traffic": false,
            "compartment_id": "ocid1.compartment.oc1..aaaaaaaa6kn7gzusmompwakpsosrrpd667nu2vza5ow4z76t5z46pj5rofdq",
            "defined_tags": {
              "Oracle-Tags.CreatedBy": "default/deny.shabouev@student.vives.be",
              "Oracle-Tags.CreatedOn": "2023-12-30T17:16:57.556Z"
            },
            "display_name": "service-gateway",
            "freeform_tags": {
              "module": "oracle-terraform-modules/vcn/oci",
              "terraformed": "Please do not edit manually"
            },
            "id": "ocid1.servicegateway.oc1.eu-paris-1.aaaaaaaac6hnawq6zyddcrco4qgnar7n5xdabuuki4njcjyyyzzhskevlcgq",
            "route_table_id": null,
            "services": [
              {
                "service_id": "ocid1.service.oc1.eu-paris-1.aaaaaaaafwyotwbtosc3eimj7ibd6vku4gefufvbradnhdv6vukydma4ainq",
                "service_name": "All CDG Services In Oracle Services Network"
              }
            ],
            "state": "AVAILABLE",
            "time_created": "2023-12-30 17:16:57.98 +0000 UTC",
            "timeouts": null,
            "vcn_id": "ocid1.vcn.oc1.eu-paris-1.amaaaaaabhshxnyao5tkhhdotucz7jcaiykrltcbcy4cxc5sxifgnznj2l4q"
          },
          "sensitive_attributes": [],
          "private": "eyJlMmJmYjczMC1lY2FhLTExZTYtOGY4OC0zNDM2M2JjN2M0YzAiOnsiY3JlYXRlIjoxMjAwMDAwMDAwMDAwLCJkZWxldGUiOjEyMDAwMDAwMDAwMDAsInVwZGF0ZSI6MTIwMDAwMDAwMDAwMH19",
          "dependencies": [
            "module.vcn.data.oci_core_services.all_oci_services",
            "module.vcn.oci_core_vcn.vcn",
            "oci_identity_compartment.tf-compartment"
          ]
        }
      ]
    },
    {
      "module": "module.vcn",
      "mode": "managed",
      "type": "oci_core_vcn",
      "name": "vcn",
      "provider": "provider[\"registry.terraform.io/hashicorp/oci\"]",
      "instances": [
        {
          "schema_version": 0,
          "attributes": {
            "byoipv6cidr_blocks": [],
            "byoipv6cidr_details": null,
            "cidr_block": "10.0.0.0/16",
            "cidr_blocks": [
              "10.0.0.0/16"
            ],
            "compartment_id": "ocid1.compartment.oc1..aaaaaaaa6kn7gzusmompwakpsosrrpd667nu2vza5ow4z76t5z46pj5rofdq",
            "default_dhcp_options_id": "ocid1.dhcpoptions.oc1.eu-paris-1.aaaaaaaafiv7ti4nwd5sawjctzr3bxwfendcbx3xis2d6lsultwaeifmps3q",
            "default_route_table_id": "ocid1.routetable.oc1.eu-paris-1.aaaaaaaae22os7ei6sr2gtrji5fshr6o7judoyyzquf7xogtzbj4mpc6wa5q",
            "default_security_list_id": "ocid1.securitylist.oc1.eu-paris-1.aaaaaaaaknkdg3vsfw75ffxzujuork7bhhhor7oxxomih3zm2khayn37cwca",
            "defined_tags": {
              "Oracle-Tags.CreatedBy": "default/deny.shabouev@student.vives.be",
              "Oracle-Tags.CreatedOn": "2023-12-30T17:16:56.946Z"
            },
            "display_name": "vcn-deny",
            "dns_label": "deny",
            "freeform_tags": {
              "module": "oracle-terraform-modules/vcn/oci",
              "terraformed": "Please do not edit manually"
            },
            "id": "ocid1.vcn.oc1.eu-paris-1.amaaaaaabhshxnyao5tkhhdotucz7jcaiykrltcbcy4cxc5sxifgnznj2l4q",
            "ipv6cidr_blocks": [],
            "ipv6private_cidr_blocks": [],
            "is_ipv6enabled": false,
            "is_oracle_gua_allocation_enabled": null,
            "state": "AVAILABLE",
            "time_created": "2023-12-30 17:16:57.019 +0000 UTC",
            "timeouts": null,
            "vcn_domain_name": "deny.oraclevcn.com"
          },
          "sensitive_attributes": [],
          "private": "eyJlMmJmYjczMC1lY2FhLTExZTYtOGY4OC0zNDM2M2JjN2M0YzAiOnsiY3JlYXRlIjoxMjAwMDAwMDAwMDAwLCJkZWxldGUiOjEyMDAwMDAwMDAwMDAsInVwZGF0ZSI6MTIwMDAwMDAwMDAwMH19",
          "dependencies": [
            "oci_identity_compartment.tf-compartment"
          ]
        }
      ]
    }
  ]
}
