{
  "version": 4,
  "terraform_version": "1.2.9",
  "serial": 2,
  "lineage": "fba8de5b-5f4d-3a25-9af1-24bf6d758bf2",
  "outputs": {
    "compartment-OCID": {
      "value": "ocid1.compartment.oc1..aaaaaaaarm7pcawu2pfm5fppi64fldcaplrrxrvdo6lkxlxsfgos3pyaklaq",
      "type": "string"
    },
    "compartment-name": {
      "value": "eersteCompartement",
      "type": "string"
    }
  },
  "resources": [
    {
      "mode": "managed",
      "type": "oci_identity_compartment",
      "name": "tf-compartment",
      "provider": "provider[\"registry.terraform.io/hashicorp/oci\"]",
      "instances": [
        {
          "schema_version": 0,
          "attributes": {
            "compartment_id": "ocid1.tenancy.oc1..aaaaaaaa6mre6si5yuhye477u3dsh2exyow2iyrm2ee3sanv2mfmuc3hh5oa",
            "defined_tags": {
              "Oracle-Tags.CreatedBy": "default/deny.shabouev@student.vives.be",
              "Oracle-Tags.CreatedOn": "2023-12-29T17:41:19.200Z"
            },
            "description": "test compartement",
            "enable_delete": null,
            "freeform_tags": {},
            "id": "ocid1.compartment.oc1..aaaaaaaarm7pcawu2pfm5fppi64fldcaplrrxrvdo6lkxlxsfgos3pyaklaq",
            "inactive_state": null,
            "is_accessible": true,
            "name": "eersteCompartement",
            "state": "ACTIVE",
            "time_created": "2023-12-29 17:41:19.255 +0000 UTC",
            "timeouts": null
          },
          "sensitive_attributes": [],
          "private": "eyJlMmJmYjczMC1lY2FhLTExZTYtOGY4OC0zNDM2M2JjN2M0YzAiOnsiZGVsZXRlIjo1NDAwMDAwMDAwMDAwfX0="
        }
      ]
    }
  ]
}
