{
  "version": 4,
  "terraform_version": "1.2.9",
  "serial": 15,
  "lineage": "792c5438-bb6a-3951-5819-f5b30313a0ae",
  "outputs": {
    "instance-OCID": {
      "value": "ocid1.instance.oc1.eu-paris-1.anrwiljrbhshxnyc2xr47q6ews4j6riyom6rgf65onbyzlff5arsgm32keia",
      "type": "string"
    },
    "instance-OCPUs": {
      "value": 1,
      "type": "number"
    },
    "instance-memory-in-GBs": {
      "value": 15,
      "type": "number"
    },
    "instance-name": {
      "value": "EersteVm",
      "type": "string"
    },
    "instance-region": {
      "value": "eu-paris-1",
      "type": "string"
    },
    "instance-shape": {
      "value": "VM.Standard2.1",
      "type": "string"
    },
    "instance-state": {
      "value": "RUNNING",
      "type": "string"
    },
    "name-of-first-availability-domain": {
      "value": "sMvf:EU-PARIS-1-AD-1",
      "type": "string"
    },
    "public-ip-for-compute-instance": {
      "value": "141.145.216.163",
      "type": "string"
    },
    "time-created": {
      "value": "2023-12-29 18:54:15.34 +0000 UTC",
      "type": "string"
    }
  },
  "resources": [
    {
      "mode": "data",
      "type": "oci_identity_availability_domains",
      "name": "ads",
      "provider": "provider[\"registry.terraform.io/hashicorp/oci\"]",
      "instances": [
        {
          "schema_version": 0,
          "attributes": {
            "availability_domains": [
              {
                "compartment_id": "ocid1.tenancy.oc1..aaaaaaaa6mre6si5yuhye477u3dsh2exyow2iyrm2ee3sanv2mfmuc3hh5oa",
                "id": "ocid1.availabilitydomain.oc1..aaaaaaaacko4o2fm6cie5oy2erflv6rgtxsrut5vvwtfzyfsez7weba4e5ga",
                "name": "sMvf:EU-PARIS-1-AD-1"
              }
            ],
            "compartment_id": "ocid1.tenancy.oc1..aaaaaaaa6mre6si5yuhye477u3dsh2exyow2iyrm2ee3sanv2mfmuc3hh5oa",
            "filter": null,
            "id": "IdentityAvailabilityDomainsDataSource-3180140734"
          },
          "sensitive_attributes": []
        }
      ]
    },
    {
      "mode": "managed",
      "type": "oci_core_instance",
      "name": "ubuntu_instance",
      "provider": "provider[\"registry.terraform.io/hashicorp/oci\"]",
      "instances": [
        {
          "schema_version": 0,
          "attributes": {
            "agent_config": [
              {
                "are_all_plugins_disabled": false,
                "is_management_disabled": false,
                "is_monitoring_disabled": false,
                "plugins_config": []
              }
            ],
            "async": null,
            "availability_config": [
              {
                "is_live_migration_preferred": false,
                "recovery_action": "RESTORE_INSTANCE"
              }
            ],
            "availability_domain": "sMvf:EU-PARIS-1-AD-1",
            "boot_volume_id": "ocid1.bootvolume.oc1.eu-paris-1.abrwiljrj5k7xufvsndphwebn3otmwqra7cntky3b5wy6zxuh5emjmonwima",
            "capacity_reservation_id": null,
            "compartment_id": "ocid1.compartment.oc1..aaaaaaaarm7pcawu2pfm5fppi64fldcaplrrxrvdo6lkxlxsfgos3pyaklaq",
            "compute_cluster_id": null,
            "create_vnic_details": [
              {
                "assign_ipv6ip": false,
                "assign_private_dns_record": false,
                "assign_public_ip": "true",
                "defined_tags": {
                  "Oracle-Tags.CreatedBy": "default/deny.shabouev@student.vives.be",
                  "Oracle-Tags.CreatedOn": "2023-12-29T18:54:14.960Z"
                },
                "display_name": "EersteVm",
                "freeform_tags": {},
                "hostname_label": "eerstevm",
                "ipv6address_ipv6subnet_cidr_pair_details": [],
                "nsg_ids": [],
                "private_ip": "10.0.0.135",
                "skip_source_dest_check": false,
                "subnet_id": "ocid1.subnet.oc1.eu-paris-1.aaaaaaaacznwpw7o3wygamcjt3ynbiyl4rxbhrelxmgeirqjdxoede7y4trq",
                "vlan_id": ""
              }
            ],
            "dedicated_vm_host_id": null,
            "defined_tags": {
              "Oracle-Tags.CreatedBy": "default/deny.shabouev@student.vives.be",
              "Oracle-Tags.CreatedOn": "2023-12-29T18:54:14.855Z"
            },
            "display_name": "EersteVm",
            "extended_metadata": {},
            "fault_domain": "FAULT-DOMAIN-3",
            "freeform_tags": {},
            "hostname_label": "eerstevm",
            "id": "ocid1.instance.oc1.eu-paris-1.anrwiljrbhshxnyc2xr47q6ews4j6riyom6rgf65onbyzlff5arsgm32keia",
            "image": "ocid1.image.oc1.eu-paris-1.aaaaaaaarhah2jin62ricnfgjhorbki42fp7dqs3gczq3lac4zzpkii6qjya",
            "instance_configuration_id": null,
            "instance_options": [
              {
                "are_legacy_imds_endpoints_disabled": false
              }
            ],
            "ipxe_script": null,
            "is_cross_numa_node": false,
            "is_pv_encryption_in_transit_enabled": null,
            "launch_mode": "PARAVIRTUALIZED",
            "launch_options": [
              {
                "boot_volume_type": "PARAVIRTUALIZED",
                "firmware": "UEFI_64",
                "is_consistent_volume_naming_enabled": true,
                "is_pv_encryption_in_transit_enabled": false,
                "network_type": "PARAVIRTUALIZED",
                "remote_data_volume_type": "PARAVIRTUALIZED"
              }
            ],
            "metadata": {
              "ssh_authorized_keys": "ssh-rsa AAAAB3NzaC1yc2EAAAADAQABAAABAQCRvt9ofEOdJn02hMvlWhoaI6lznMP7Bazzs4Qk0D/hiHEMBmeUKrMOZH6lB4HBKNWyye+3NM/eXMSBeW6NpwQaQke9TgnzU1GgoqQ4FlwFw9ba1zKqBMsDg0Fi03UR/YiWSg+GJGgv7v+NxrkcU0QBZjKERjZhwck95M600ckHqGFJFrzEG3r6XBFRxjmHmrSUjVuy/U3zwkWjDaDYqK85a/65DTmlN8FUOpwocL1XPCpzTRqdPr0mlRKl8wxu8LAsGxwe5sjZ/nbUYSBJuYhoZq3l6L+iQqiWrUSNrs4mykpa0fxB67bW1NY1loQfAytKMMjURivXBakJns14xqK5 cloudkey\n"
            },
            "platform_config": [],
            "preemptible_instance_config": [],
            "preserve_boot_volume": false,
            "private_ip": "10.0.0.135",
            "public_ip": "141.145.216.163",
            "region": "eu-paris-1",
            "shape": "VM.Standard2.1",
            "shape_config": [
              {
                "baseline_ocpu_utilization": "",
                "gpu_description": "",
                "gpus": 0,
                "local_disk_description": "",
                "local_disks": 0,
                "local_disks_total_size_in_gbs": 0,
                "max_vnic_attachments": 2,
                "memory_in_gbs": 15,
                "networking_bandwidth_in_gbps": 1,
                "nvmes": 0,
                "ocpus": 1,
                "processor_description": "2.0 GHz Intel® Xeon® Platinum 8167M (Skylake)",
                "vcpus": 2
              }
            ],
            "source_details": [
              {
                "boot_volume_size_in_gbs": "47",
                "boot_volume_vpus_per_gb": "10",
                "instance_source_image_filter_details": [],
                "kms_key_id": "",
                "source_id": "ocid1.image.oc1.eu-paris-1.aaaaaaaarhah2jin62ricnfgjhorbki42fp7dqs3gczq3lac4zzpkii6qjya",
                "source_type": "image"
              }
            ],
            "state": "RUNNING",
            "subnet_id": "ocid1.subnet.oc1.eu-paris-1.aaaaaaaacznwpw7o3wygamcjt3ynbiyl4rxbhrelxmgeirqjdxoede7y4trq",
            "system_tags": {},
            "time_created": "2023-12-29 18:54:15.34 +0000 UTC",
            "time_maintenance_reboot_due": "",
            "timeouts": null,
            "update_operation_constraint": null
          },
          "sensitive_attributes": [],
          "private": "eyJlMmJmYjczMC1lY2FhLTExZTYtOGY4OC0zNDM2M2JjN2M0YzAiOnsiY3JlYXRlIjoyNzAwMDAwMDAwMDAwLCJkZWxldGUiOjQ1MDAwMDAwMDAwMDAsInVwZGF0ZSI6MjcwMDAwMDAwMDAwMH19",
          "dependencies": [
            "data.oci_identity_availability_domains.ads"
          ]
        }
      ]
    }
  ]
}
